
Microsoft Visual Studio Solution File, Format Version 12.00
# Visual Studio 2013
VisualStudioVersion = 12.0.21005.1
MinimumVisualStudioVersion = 10.0.40219.1
Project("{FAE04EC0-301F-11D3-BF4B-00C04F79EFBC}") = "BookSite", "BookSite\BookSite.csproj", "{7F0A31B1-B665-4504-A607-A1ACD7569859}"
EndProject
Project("{FAE04EC0-301F-11D3-BF4B-00C04F79EFBC}") = "BookSite.Tests", "BookSite.Tests\BookSite.Tests.csproj", "{818FDBAF-3450-4C36-A457-05037665AE08}"
EndProject
Global
	GlobalSection(SolutionConfigurationPlatforms) = preSolution
		Debug|Any CPU = Debug|Any CPU
		Release|Any CPU = Release|Any CPU
	EndGlobalSection
	GlobalSection(ProjectConfigurationPlatforms) = postSolution
		{7F0A31B1-B665-4504-A607-A1ACD7569859}.Debug|Any CPU.ActiveCfg = Debug|Any CPU
		{7F0A31B1-B665-4504-A607-A1ACD7569859}.Debug|Any CPU.Build.0 = Debug|Any CPU
		{7F0A31B1-B665-4504-A607-A1ACD7569859}.Release|Any CPU.ActiveCfg = Release|Any CPU
		{7F0A31B1-B665-4504-A607-A1ACD7569859}.Release|Any CPU.Build.0 = Release|Any CPU
		{818FDBAF-3450-4C36-A457-05037665AE08}.Debug|Any CPU.ActiveCfg = Debug|Any CPU
		{818FDBAF-3450-4C36-A457-05037665AE08}.Debug|Any CPU.Build.0 = Debug|Any CPU
		{818FDBAF-3450-4C36-A457-05037665AE08}.Release|Any CPU.ActiveCfg = Release|Any CPU
		{818FDBAF-3450-4C36-A457-05037665AE08}.Release|Any CPU.Build.0 = Release|Any CPU
	EndGlobalSection
	GlobalSection(SolutionProperties) = preSolution
		HideSolutionNode = FALSE
	EndGlobalSection
EndGlobal
